// !$*UTF8*$!
{
	archiveVersion = 1;
	classes = {
	};
	objectVersion = 48;
	objects = {

/* Begin PBXBuildFile section */
		670365B61F8377410048B283 /* SHTTermometrView.swift in Sources */ = {isa = PBXBuildFile; fileRef = 670365B51F8377410048B283 /* SHTTermometrView.swift */; };
		67822DFC1F7AA1B9007A0235 /* AppDelegate.swift in Sources */ = {isa = PBXBuildFile; fileRef = 67822DFB1F7AA1B9007A0235 /* AppDelegate.swift */; };
		67822DFE1F7AA1B9007A0235 /* ViewController.swift in Sources */ = {isa = PBXBuildFile; fileRef = 67822DFD1F7AA1B9007A0235 /* ViewController.swift */; };
		67822E011F7AA1B9007A0235 /* Main.storyboard in Resources */ = {isa = PBXBuildFile; fileRef = 67822DFF1F7AA1B9007A0235 /* Main.storyboard */; };
		67822E031F7AA1B9007A0235 /* Assets.xcassets in Resources */ = {isa = PBXBuildFile; fileRef = 67822E021F7AA1B9007A0235 /* Assets.xcassets */; };
		67822E061F7AA1B9007A0235 /* LaunchScreen.storyboard in Resources */ = {isa = PBXBuildFile; fileRef = 67822E041F7AA1B9007A0235 /* LaunchScreen.storyboard */; };
		67C7A8891F85759000BB7FB9 /* ColorPicker.swift in Sources */ = {isa = PBXBuildFile; fileRef = 67C7A8881F85759000BB7FB9 /* ColorPicker.swift */; };
/* End PBXBuildFile section */

/* Begin PBXFileReference section */
		670365B51F8377410048B283 /* SHTTermometrView.swift */ = {isa = PBXFileReference; lastKnownFileType = sourcecode.swift; path = SHTTermometrView.swift; sourceTree = "<group>"; };
		67822DF81F7AA1B9007A0235 /* Thermometer.app */ = {isa = PBXFileReference; explicitFileType = wrapper.application; includeInIndex = 0; path = Thermometer.app; sourceTree = BUILT_PRODUCTS_DIR; };
		67822DFB1F7AA1B9007A0235 /* AppDelegate.swift */ = {isa = PBXFileReference; lastKnownFileType = sourcecode.swift; path = AppDelegate.swift; sourceTree = "<group>"; };
		67822DFD1F7AA1B9007A0235 /* ViewController.swift */ = {isa = PBXFileReference; lastKnownFileType = sourcecode.swift; path = ViewController.swift; sourceTree = "<group>"; };
		67822E001F7AA1B9007A0235 /* Base */ = {isa = PBXFileReference; lastKnownFileType = file.storyboard; name = Base; path = Base.lproj/Main.storyboard; sourceTree = "<group>"; };
		67822E021F7AA1B9007A0235 /* Assets.xcassets */ = {isa = PBXFileReference; lastKnownFileType = folder.assetcatalog; path = Assets.xcassets; sourceTree = "<group>"; };
		67822E051F7AA1B9007A0235 /* Base */ = {isa = PBXFileReference; lastKnownFileType = file.storyboard; name = Base; path = Base.lproj/LaunchScreen.storyboard; sourceTree = "<group>"; };
		67822E071F7AA1B9007A0235 /* Info.plist */ = {isa = PBXFileReference; lastKnownFileType = text.plist.xml; path = Info.plist; sourceTree = "<group>"; };
		67C7A8881F85759000BB7FB9 /* ColorPicker.swift */ = {isa = PBXFileReference; fileEncoding = 4; lastKnownFileType = sourcecode.swift; path = ColorPicker.swift; sourceTree = "<group>"; };
/* End PBXFileReference section */

/* Begin PBXFrameworksBuildPhase section */
		67822DF51F7AA1B9007A0235 /* Frameworks */ = {
			isa = PBXFrameworksBuildPhase;
			buildActionMask = 2147483647;
			files = (
			);
			runOnlyForDeploymentPostprocessing = 0;
		};
/* End PBXFrameworksBuildPhase section */

/* Begin PBXGroup section */
		67822DEF1F7AA1B9007A0235 = {
			isa = PBXGroup;
			children = (
				67822DFA1F7AA1B9007A0235 /* Thermometer */,
				67822DF91F7AA1B9007A0235 /* Products */,
			);
			sourceTree = "<group>";
		};
		67822DF91F7AA1B9007A0235 /* Products */ = {
			isa = PBXGroup;
			children = (
				67822DF81F7AA1B9007A0235 /* Thermometer.app */,
			);
			name = Products;
			sourceTree = "<group>";
		};
		67822DFA1F7AA1B9007A0235 /* Thermometer */ = {
			isa = PBXGroup;
			children = (
				67C7A8881F85759000BB7FB9 /* ColorPicker.swift */,
				67822DFB1F7AA1B9007A0235 /* AppDelegate.swift */,
				67822DFD1F7AA1B9007A0235 /* ViewController.swift */,
				67822DFF1F7AA1B9007A0235 /* Main.storyboard */,
				670365B51F8377410048B283 /* SHTTermometrView.swift */,
				67822E021F7AA1B9007A0235 /* Assets.xcassets */,
				67822E041F7AA1B9007A0235 /* LaunchScreen.storyboard */,
				67822E071F7AA1B9007A0235 /* Info.plist */,
			);
			path = Thermometer;
			sourceTree = "<group>";
		};
/* End PBXGroup section */

/* Begin PBXNativeTarget section */
		67822DF71F7AA1B9007A0235 /* Thermometer */ = {
			isa = PBXNativeTarget;
			buildConfigurationList = 67822E0A1F7AA1B9007A0235 /* Build configuration list for PBXNativeTarget "Thermometer" */;
			buildPhases = (
				67822DF41F7AA1B9007A0235 /* Sources */,
				67822DF51F7AA1B9007A0235 /* Frameworks */,
				67822DF61F7AA1B9007A0235 /* Resources */,
			);
			buildRules = (
			);
			dependencies = (
			);
			name = Thermometer;
			productName = Thermometer;
			productReference = 67822DF81F7AA1B9007A0235 /* Thermometer.app */;
			productType = "com.apple.product-type.application";
		};
/* End PBXNativeTarget section */

/* Begin PBXProject section */
		67822DF01F7AA1B9007A0235 /* Project object */ = {
			isa = PBXProject;
			attributes = {
				LastSwiftUpdateCheck = 0900;
				LastUpgradeCheck = 0900;
				ORGANIZATIONNAME = " Tikhomirov";
				TargetAttributes = {
					67822DF71F7AA1B9007A0235 = {
						CreatedOnToolsVersion = 9.0;
						ProvisioningStyle = Automatic;
					};
				};
			};
			buildConfigurationList = 67822DF31F7AA1B9007A0235 /* Build configuration list for PBXProject "Thermometer" */;
			compatibilityVersion = "Xcode 8.0";
			developmentRegion = en;
			hasScannedForEncodings = 0;
			knownRegions = (
				en,
				Base,
			);
			mainGroup = 67822DEF1F7AA1B9007A0235;
			productRefGroup = 67822DF91F7AA1B9007A0235 /* Products */;
			projectDirPath = "";
			projectRoot = "";
			targets = (
				67822DF71F7AA1B9007A0235 /* Thermometer */,
			);
		};
/* End PBXProject section */

/* Begin PBXResourcesBuildPhase section */
		67822DF61F7AA1B9007A0235 /* Resources */ = {
			isa = PBXResourcesBuildPhase;
			buildActionMask = 2147483647;
			files = (
				67822E061F7AA1B9007A0235 /* LaunchScreen.storyboard in Resources */,
				67822E031F7AA1B9007A0235 /* Assets.xcassets in Resources */,
				67822E011F7AA1B9007A0235 /* Main.storyboard in Resources */,
			);
			runOnlyForDeploymentPostprocessing = 0;
		};
/* End PBXResourcesBuildPhase section */

/* Begin PBXSourcesBuildPhase section */
		67822DF41F7AA1B9007A0235 /* Sources */ = {
			isa = PBXSourcesBuildPhase;
			buildActionMask = 2147483647;
			files = (
				67822DFE1F7AA1B9007A0235 /* ViewController.swift in Sources */,
				67C7A8891F85759000BB7FB9 /* ColorPicker.swift in Sources */,
				67822DFC1F7AA1B9007A0235 /* AppDelegate.swift in Sources */,
				670365B61F8377410048B283 /* SHTTermometrView.swift in Sources */,
			);
			runOnlyForDeploymentPostprocessing = 0;
		};
/* End PBXSourcesBuildPhase section */

/* Begin PBXVariantGroup section */
		67822DFF1F7AA1B9007A0235 /* Main.storyboard */ = {
			isa = PBXVariantGroup;
			children = (
				67822E001F7AA1B9007A0235 /* Base */,
			);
			name = Main.storyboard;
			sourceTree = "<group>";
		};
		67822E041F7AA1B9007A0235 /* LaunchScreen.storyboard */ = {
			isa = PBXVariantGroup;
			children = (
				67822E051F7AA1B9007A0235 /* Base */,
			);
			name = LaunchScreen.storyboard;
			sourceTree = "<group>";
		};
/* End PBXVariantGroup section */

/* Begin XCBuildConfiguration section */
		67822E081F7AA1B9007A0235 /* Debug */ = {
			isa = XCBuildConfiguration;
			buildSettings = {
				ALWAYS_SEARCH_USER_PATHS = NO;
				CLANG_ANALYZER_NONNULL = YES;
				CLANG_ANALYZER_NUMBER_OBJECT_CONVERSION = YES_AGGRESSIVE;
				CLANG_CXX_LANGUAGE_STANDARD = "gnu++14";
				CLANG_CXX_LIBRARY = "libc++";
				CLANG_ENABLE_MODULES = YES;
				CLANG_ENABLE_OBJC_ARC = YES;
				CLANG_WARN_BLOCK_CAPTURE_AUTORELEASING = YES;
				CLANG_WARN_BOOL_CONVERSION = YES;
				CLANG_WARN_COMMA = YES;
				CLANG_WARN_CONSTANT_CONVERSION = YES;
				CLANG_WARN_DIRECT_OBJC_ISA_USAGE = YES_ERROR;
				CLANG_WARN_DOCUMENTATION_COMMENTS = YES;
				CLANG_WARN_EMPTY_BODY = YES;
				CLANG_WARN_ENUM_CONVERSION = YES;
				CLANG_WARN_INFINITE_RECURSION = YES;
				CLANG_WARN_INT_CONVERSION = YES;
				CLANG_WARN_NON_LITERAL_NULL_CONVERSION = YES;
				CLANG_WARN_OBJC_LITERAL_CONVERSION = YES;
				CLANG_WARN_OBJC_ROOT_CLASS = YES_ERROR;
				CLANG_WARN_RANGE_LOOP_ANALYSIS = YES;
				CLANG_WARN_STRICT_PROTOTYPES = YES;
				CLANG_WARN_SUSPICIOUS_MOVE = YES;
				CLANG_WARN_UNGUARDED_AVAILABILITY = YES_AGGRESSIVE;
				CLANG_WARN_UNREACHABLE_CODE = YES;
				CLANG_WARN__DUPLICATE_METHOD_MATCH = YES;
				CODE_SIGN_IDENTITY = "iPhone Developer";
				COPY_PHASE_STRIP = NO;
				DEBUG_INFORMATION_FORMAT = dwarf;
				ENABLE_STRICT_OBJC_MSGSEND = YES;
				ENABLE_TESTABILITY = YES;
				GCC_C_LANGUAGE_STANDARD = gnu11;
				GCC_DYNAMIC_NO_PIC = NO;
				GCC_NO_COMMON_BLOCKS = YES;
				GCC_OPTIMIZATION_LEVEL = 0;
				GCC_PREPROCESSOR_DEFINITIONS = (
					"DEBUG=1",
					"$(inherited)",
				);
				GCC_WARN_64_TO_32_BIT_CONVERSION = YES;
				GCC_WARN_ABOUT_RETURN_TYPE = YES_ERROR;
				GCC_WARN_UNDECLARED_SELECTOR = YES;
				GCC_WARN_UNINITIALIZED_AUTOS = YES_AGGRESSIVE;
				GCC_WARN_UNUSED_FUNCTION = YES;
				GCC_WARN_UNUSED_VARIABLE = YES;
				IPHONEOS_DEPLOYMENT_TARGET = 11.0;
				MTL_ENABLE_DEBUG_INFO = YES;
				ONLY_ACTIVE_ARCH = YES;
				SDKROOT = iphoneos;
				SWIFT_ACTIVE_COMPILATION_CONDITIONS = DEBUG;
				SWIFT_OPTIMIZATION_LEVEL = "-Onone";
			};
			name = Debug;
		};
		67822E091F7AA1B9007A0235 /* Release */ = {
			isa = XCBuildConfiguration;
			buildSettings = {
				ALWAYS_SEARCH_USER_PATHS = NO;
				CLANG_ANALYZER_NONNULL = YES;
				CLANG_ANALYZER_NUMBER_OBJECT_CONVERSION = YES_AGGRESSIVE;
				CLANG_CXX_LANGUAGE_STANDARD = "gnu++14";
				CLANG_CXX_LIBRARY = "libc++";
				CLANG_ENABLE_MODULES = YES;
				CLANG_ENABLE_OBJC_ARC = YES;
				CLANG_WARN_BLOCK_CAPTURE_AUTORELEASING = YES;
				CLANG_WARN_BOOL_CONVERSION = YES;
				CLANG_WARN_COMMA = YES;
				CLANG_WARN_CONSTANT_CONVERSION = YES;
				CLANG_WARN_DIRECT_OBJC_ISA_USAGE = YES_ERROR;
				CLANG_WARN_DOCUMENTATION_COMMENTS = YES;
				CLANG_WARN_EMPTY_BODY = YES;
				CLANG_WARN_ENUM_CONVERSION = YES;
				CLANG_WARN_INFINITE_RECURSION = YES;
				CLANG_WARN_INT_CONVERSION = YES;
				CLANG_WARN_NON_LITERAL_NULL_CONVERSION = YES;
				CLANG_WARN_OBJC_LITERAL_CONVERSION = YES;
				CLANG_WARN_OBJC_ROOT_CLASS = YES_ERROR;
				CLANG_WARN_RANGE_LOOP_ANALYSIS = YES;
				CLANG_WARN_STRICT_PROTOTYPES = YES;
				CLANG_WARN_SUSPICIOUS_MOVE = YES;
				CLANG_WARN_UNGUARDED_AVAILABILITY = YES_AGGRESSIVE;
				CLANG_WARN_UNREACHABLE_CODE = YES;
				CLANG_WARN__DUPLICATE_METHOD_MATCH = YES;
				CODE_SIGN_IDENTITY = "iPhone Developer";
				COPY_PHASE_STRIP = NO;
				DEBUG_INFORMATION_FORMAT = "dwarf-with-dsym";
				ENABLE_NS_ASSERTIONS = NO;
				ENABLE_STRICT_OBJC_MSGSEND = YES;
				GCC_C_LANGUAGE_STANDARD = gnu11;
				GCC_NO_COMMON_BLOCKS = YES;
				GCC_WARN_64_TO_32_BIT_CONVERSION = YES;
				GCC_WARN_ABOUT_RETURN_TYPE = YES_ERROR;
				GCC_WARN_UNDECLARED_SELECTOR = YES;
				GCC_WARN_UNINITIALIZED_AUTOS = YES_AGGRESSIVE;
				GCC_WARN_UNUSED_FUNCTION = YES;
				GCC_WARN_UNUSED_VARIABLE = YES;
				IPHONEOS_DEPLOYMENT_TARGET = 11.0;
				MTL_ENABLE_DEBUG_INFO = NO;
				SDKROOT = iphoneos;
				SWIFT_OPTIMIZATION_LEVEL = "-Owholemodule";
				VALIDATE_PRODUCT = YES;
			};
			name = Release;
		};
		67822E0B1F7AA1B9007A0235 /* Debug */ = {
			isa = XCBuildConfiguration;
			buildSettings = {
				ASSETCATALOG_COMPILER_APPICON_NAME = AppIcon;
				CODE_SIGN_STYLE = Automatic;
				DEVELOPMENT_TEAM = Q4NV8HBUU7;
				INFOPLIST_FILE = Thermometer/Info.plist;
				LD_RUNPATH_SEARCH_PATHS = "$(inherited) @executable_path/Frameworks";
				PRODUCT_BUNDLE_IDENTIFIER = SHT.Thermometer;
				PRODUCT_NAME = "$(TARGET_NAME)";
				SWIFT_VERSION = 4.0;
				TARGETED_DEVICE_FAMILY = "1,2";
			};
			name = Debug;
		};
		67822E0C1F7AA1B9007A0235 /* Release */ = {
			isa = XCBuildConfiguration;
			buildSettings = {
				ASSETCATALOG_COMPILER_APPICON_NAME = AppIcon;
				CODE_SIGN_STYLE = Automatic;
				DEVELOPMENT_TEAM = Q4NV8HBUU7;
				INFOPLIST_FILE = Thermometer/Info.plist;
				LD_RUNPATH_SEARCH_PATHS = "$(inherited) @executable_path/Frameworks";
				PRODUCT_BUNDLE_IDENTIFIER = SHT.Thermometer;
				PRODUCT_NAME = "$(TARGET_NAME)";
				SWIFT_VERSION = 4.0;
				TARGETED_DEVICE_FAMILY = "1,2";
			};
			name = Release;
		};
/* End XCBuildConfiguration section */

/* Begin XCConfigurationList section */
		67822DF31F7AA1B9007A0235 /* Build configuration list for PBXProject "Thermometer" */ = {
			isa = XCConfigurationList;
			buildConfigurations = (
				67822E081F7AA1B9007A0235 /* Debug */,
				67822E091F7AA1B9007A0235 /* Release */,
			);
			defaultConfigurationIsVisible = 0;
			defaultConfigurationName = Release;
		};
		67822E0A1F7AA1B9007A0235 /* Build configuration list for PBXNativeTarget "Thermometer" */ = {
			isa = XCConfigurationList;
			buildConfigurations = (
				67822E0B1F7AA1B9007A0235 /* Debug */,
				67822E0C1F7AA1B9007A0235 /* Release */,
			);
			defaultConfigurationIsVisible = 0;
			defaultConfigurationName = Release;
		};
/* End XCConfigurationList section */
	};
	rootObject = 67822DF01F7AA1B9007A0235 /* Project object */;
}
